
Microsoft Visual Studio Solution File, Format Version 12.00
# Visual Studio Version 17
VisualStudioVersion = 17.6.33723.286
MinimumVisualStudioVersion = 10.0.40219.1
Project("{9A19103F-16F7-4668-BE54-9A1E7A4F7556}") = "Infrastructure", "Infrastructure\Infrastructure.csproj", "{5647B6DD-33D9-4750-86F7-6BCC12EB2BA4}"
EndProject
Project("{9A19103F-16F7-4668-BE54-9A1E7A4F7556}") = "DataAccess", "DataAccess\DataAccess.csproj", "{613E8846-5456-49D1-973B-7BD06733FEEF}"
EndProject
Project("{9A19103F-16F7-4668-BE54-9A1E7A4F7556}") = "Models", "Models\Models.csproj", "{5ABE5203-CBC2-458D-B270-83926FEA034A}"
EndProject
Project("{9A19103F-16F7-4668-BE54-9A1E7A4F7556}") = "Application", "Application\Application.csproj", "{8F351DB1-C886-4552-92DE-354E8E3781DB}"
EndProject
Project("{9A19103F-16F7-4668-BE54-9A1E7A4F7556}") = "Domain", "Domain\Domain.csproj", "{B9B2772F-41AB-4349-8292-0001C16104CB}"
EndProject
Project("{9A19103F-16F7-4668-BE54-9A1E7A4F7556}") = "Web", "Web\Web.csproj", "{97FBAACB-F6D8-4E78-93AB-04E1C1EE22DE}"
EndProject
Global
	GlobalSection(SolutionConfigurationPlatforms) = preSolution
		Debug|Any CPU = Debug|Any CPU
		Release|Any CPU = Release|Any CPU
	EndGlobalSection
	GlobalSection(ProjectConfigurationPlatforms) = postSolution
		{5647B6DD-33D9-4750-86F7-6BCC12EB2BA4}.Debug|Any CPU.ActiveCfg = Debug|Any CPU
		{5647B6DD-33D9-4750-86F7-6BCC12EB2BA4}.Debug|Any CPU.Build.0 = Debug|Any CPU
		{5647B6DD-33D9-4750-86F7-6BCC12EB2BA4}.Release|Any CPU.ActiveCfg = Release|Any CPU
		{5647B6DD-33D9-4750-86F7-6BCC12EB2BA4}.Release|Any CPU.Build.0 = Release|Any CPU
		{613E8846-5456-49D1-973B-7BD06733FEEF}.Debug|Any CPU.ActiveCfg = Debug|Any CPU
		{613E8846-5456-49D1-973B-7BD06733FEEF}.Debug|Any CPU.Build.0 = Debug|Any CPU
		{613E8846-5456-49D1-973B-7BD06733FEEF}.Release|Any CPU.ActiveCfg = Release|Any CPU
		{613E8846-5456-49D1-973B-7BD06733FEEF}.Release|Any CPU.Build.0 = Release|Any CPU
		{5ABE5203-CBC2-458D-B270-83926FEA034A}.Debug|Any CPU.ActiveCfg = Debug|Any CPU
		{5ABE5203-CBC2-458D-B270-83926FEA034A}.Debug|Any CPU.Build.0 = Debug|Any CPU
		{5ABE5203-CBC2-458D-B270-83926FEA034A}.Release|Any CPU.ActiveCfg = Release|Any CPU
		{5ABE5203-CBC2-458D-B270-83926FEA034A}.Release|Any CPU.Build.0 = Release|Any CPU
		{8F351DB1-C886-4552-92DE-354E8E3781DB}.Debug|Any CPU.ActiveCfg = Debug|Any CPU
		{8F351DB1-C886-4552-92DE-354E8E3781DB}.Debug|Any CPU.Build.0 = Debug|Any CPU
		{8F351DB1-C886-4552-92DE-354E8E3781DB}.Release|Any CPU.ActiveCfg = Release|Any CPU
		{8F351DB1-C886-4552-92DE-354E8E3781DB}.Release|Any CPU.Build.0 = Release|Any CPU
		{B9B2772F-41AB-4349-8292-0001C16104CB}.Debug|Any CPU.ActiveCfg = Debug|Any CPU
		{B9B2772F-41AB-4349-8292-0001C16104CB}.Debug|Any CPU.Build.0 = Debug|Any CPU
		{B9B2772F-41AB-4349-8292-0001C16104CB}.Release|Any CPU.ActiveCfg = Release|Any CPU
		{B9B2772F-41AB-4349-8292-0001C16104CB}.Release|Any CPU.Build.0 = Release|Any CPU
		{97FBAACB-F6D8-4E78-93AB-04E1C1EE22DE}.Debug|Any CPU.ActiveCfg = Debug|Any CPU
		{97FBAACB-F6D8-4E78-93AB-04E1C1EE22DE}.Debug|Any CPU.Build.0 = Debug|Any CPU
		{97FBAACB-F6D8-4E78-93AB-04E1C1EE22DE}.Release|Any CPU.ActiveCfg = Release|Any CPU
		{97FBAACB-F6D8-4E78-93AB-04E1C1EE22DE}.Release|Any CPU.Build.0 = Release|Any CPU
	EndGlobalSection
	GlobalSection(SolutionProperties) = preSolution
		HideSolutionNode = FALSE
	EndGlobalSection
	GlobalSection(ExtensibilityGlobals) = postSolution
		SolutionGuid = {9B8ED28B-DCEB-4952-8197-8266E7F8B2E5}
	EndGlobalSection
EndGlobal
